{
  "name": "bidyourdreamhorse",
  "lockfileVersion": 3,
  "requires": true,
  "packages": {
    "": {
      "name": "bidyourdreamhorse",
      "workspaces": [
        "apps/*",
        "packages/*"
      ]
    },
    "apps/site": {
      "version": "1.0.0",
      "license": "ISC"
    },
    "node_modules/site": {
      "resolved": "apps/site",
      "link": true
    }
  }
}
